
Microsoft Visual Studio Solution File, Format Version 12.00
# Visual Studio 14
VisualStudioVersion = 14.0.22823.1
MinimumVisualStudioVersion = 10.0.40219.1
Project("{FAE04EC0-301F-11D3-BF4B-00C04F79EFBC}") = "prueba1", "prueba1\prueba1.csproj", "{FC361A2E-D4F2-4F8A-9BBA-A9670AF2290E}"
EndProject
Project("{FAE04EC0-301F-11D3-BF4B-00C04F79EFBC}") = "prueba1.Tests", "prueba1.Tests\prueba1.Tests.csproj", "{BF8D953C-EB4D-412D-989C-DE11A0D22B19}"
EndProject
Global
	GlobalSection(SolutionConfigurationPlatforms) = preSolution
		Debug|Any CPU = Debug|Any CPU
		Release|Any CPU = Release|Any CPU
	EndGlobalSection
	GlobalSection(ProjectConfigurationPlatforms) = postSolution
		{FC361A2E-D4F2-4F8A-9BBA-A9670AF2290E}.Debug|Any CPU.ActiveCfg = Debug|Any CPU
		{FC361A2E-D4F2-4F8A-9BBA-A9670AF2290E}.Debug|Any CPU.Build.0 = Debug|Any CPU
		{FC361A2E-D4F2-4F8A-9BBA-A9670AF2290E}.Release|Any CPU.ActiveCfg = Release|Any CPU
		{FC361A2E-D4F2-4F8A-9BBA-A9670AF2290E}.Release|Any CPU.Build.0 = Release|Any CPU
		{BF8D953C-EB4D-412D-989C-DE11A0D22B19}.Debug|Any CPU.ActiveCfg = Debug|Any CPU
		{BF8D953C-EB4D-412D-989C-DE11A0D22B19}.Debug|Any CPU.Build.0 = Debug|Any CPU
		{BF8D953C-EB4D-412D-989C-DE11A0D22B19}.Release|Any CPU.ActiveCfg = Release|Any CPU
		{BF8D953C-EB4D-412D-989C-DE11A0D22B19}.Release|Any CPU.Build.0 = Release|Any CPU
	EndGlobalSection
	GlobalSection(SolutionProperties) = preSolution
		HideSolutionNode = FALSE
	EndGlobalSection
EndGlobal
